
Microsoft Visual Studio Solution File, Format Version 12.00
# Visual Studio Version 16
VisualStudioVersion = 16.0.32126.315
MinimumVisualStudioVersion = 10.0.40219.1
Project("{FAE04EC0-301F-11D3-BF4B-00C04F79EFBC}") = "OPP.ConsoleExample", "OPP.ConsoleExample\OPP.ConsoleExample.csproj", "{631173DB-2515-4DDE-B986-A256365AB10B}"
EndProject
Project("{FAE04EC0-301F-11D3-BF4B-00C04F79EFBC}") = "AudioManager", "AudioManager\AudioManager.csproj", "{96195B78-3551-490D-8511-43B381FB85B7}"
EndProject
Global
	GlobalSection(SolutionConfigurationPlatforms) = preSolution
		Debug|Any CPU = Debug|Any CPU
		Release|Any CPU = Release|Any CPU
	EndGlobalSection
	GlobalSection(ProjectConfigurationPlatforms) = postSolution
		{631173DB-2515-4DDE-B986-A256365AB10B}.Debug|Any CPU.ActiveCfg = Debug|Any CPU
		{631173DB-2515-4DDE-B986-A256365AB10B}.Debug|Any CPU.Build.0 = Debug|Any CPU
		{631173DB-2515-4DDE-B986-A256365AB10B}.Release|Any CPU.ActiveCfg = Release|Any CPU
		{631173DB-2515-4DDE-B986-A256365AB10B}.Release|Any CPU.Build.0 = Release|Any CPU
		{96195B78-3551-490D-8511-43B381FB85B7}.Debug|Any CPU.ActiveCfg = Debug|Any CPU
		{96195B78-3551-490D-8511-43B381FB85B7}.Debug|Any CPU.Build.0 = Debug|Any CPU
		{96195B78-3551-490D-8511-43B381FB85B7}.Release|Any CPU.ActiveCfg = Release|Any CPU
		{96195B78-3551-490D-8511-43B381FB85B7}.Release|Any CPU.Build.0 = Release|Any CPU
	EndGlobalSection
	GlobalSection(SolutionProperties) = preSolution
		HideSolutionNode = FALSE
	EndGlobalSection
	GlobalSection(ExtensibilityGlobals) = postSolution
		SolutionGuid = {5BF2CE7B-9DB4-43A8-B1FE-47F154BDDAD1}
	EndGlobalSection
EndGlobal
